
Microsoft Visual Studio Solution File, Format Version 12.00
# Visual Studio Version 17
VisualStudioVersion = 17.10.35027.167
MinimumVisualStudioVersion = 10.0.40219.1
Project("{FAE04EC0-301F-11D3-BF4B-00C04F79EFBC}") = "TripPlanningAssistant.API", "TripPlanningAssistant.API\TripPlanningAssistant.API.csproj", "{6C87F533-CC7A-4BB0-886C-B40E47244DF1}"
EndProject
Global
	GlobalSection(SolutionConfigurationPlatforms) = preSolution
		Debug|Any CPU = Debug|Any CPU
		Release|Any CPU = Release|Any CPU
	EndGlobalSection
	GlobalSection(ProjectConfigurationPlatforms) = postSolution
		{6C87F533-CC7A-4BB0-886C-B40E47244DF1}.Debug|Any CPU.ActiveCfg = Debug|Any CPU
		{6C87F533-CC7A-4BB0-886C-B40E47244DF1}.Debug|Any CPU.Build.0 = Debug|Any CPU
		{6C87F533-CC7A-4BB0-886C-B40E47244DF1}.Release|Any CPU.ActiveCfg = Release|Any CPU
		{6C87F533-CC7A-4BB0-886C-B40E47244DF1}.Release|Any CPU.Build.0 = Release|Any CPU
	EndGlobalSection
	GlobalSection(SolutionProperties) = preSolution
		HideSolutionNode = FALSE
	EndGlobalSection
	GlobalSection(ExtensibilityGlobals) = postSolution
		SolutionGuid = {F101F089-FA35-4106-B4DE-12EFF6364D8F}
	EndGlobalSection
EndGlobal
